
Microsoft Visual Studio Solution File, Format Version 12.00
# Visual Studio 14
VisualStudioVersion = 14.0.25420.1
MinimumVisualStudioVersion = 10.0.40219.1
Project("{FAE04EC0-301F-11D3-BF4B-00C04F79EFBC}") = "CSharpLibrary", "CSharpLibrary\CSharpLibrary.csproj", "{3C401B7D-B732-4014-9E95-A543703EB749}"
EndProject
Project("{FAE04EC0-301F-11D3-BF4B-00C04F79EFBC}") = "0.01_Intro", "0.01_Intro\0.01_Intro.csproj", "{EE2A3A3F-CDBD-4F92-9783-4B6B82440BE8}"
EndProject
Project("{FAE04EC0-301F-11D3-BF4B-00C04F79EFBC}") = "0.02_BasicTypes", "0.02_BasicTypes\0.02_BasicTypes.csproj", "{6DC5C890-9952-4543-9271-3E99018360BA}"
EndProject
Project("{FAE04EC0-301F-11D3-BF4B-00C04F79EFBC}") = "0.02_BasicTypesChallenges", "0.02_BasicTypesChallenges\0.02_BasicTypesChallenges.csproj", "{605EDDAE-D793-44D7-AFF7-FA699F8701E8}"
EndProject
Project("{FAE04EC0-301F-11D3-BF4B-00C04F79EFBC}") = "0.03_Strings", "0.03_Strings\0.03_Strings.csproj", "{ECC4E94C-04F4-4D2B-A696-004DBF98DD1C}"
EndProject
Project("{FAE04EC0-301F-11D3-BF4B-00C04F79EFBC}") = "0.04_Conditionals", "0.04_Conditionals\0.04_Conditionals.csproj", "{9610E02F-1D20-4F23-871E-3561C4C7B5C7}"
EndProject
Project("{FAE04EC0-301F-11D3-BF4B-00C04F79EFBC}") = "0.04_BankAccount", "0.04_BankAccount\0.04_BankAccount.csproj", "{F993A5A8-E082-4B6C-8C7D-F79C9EEF8EB0}"
EndProject
Project("{FAE04EC0-301F-11D3-BF4B-00C04F79EFBC}") = "0.05_SwitchCase", "0.05_SwitchCase\0.05_SwitchCase.csproj", "{C511DF48-C4BC-44ED-ABD3-F4EA7E5F4678}"
EndProject
Project("{FAE04EC0-301F-11D3-BF4B-00C04F79EFBC}") = "0.06_ForLoops", "0.06_ForLoops\0.06_ForLoops.csproj", "{2172D1BB-9A4F-4C67-AF8C-FEF482F1C074}"
EndProject
Project("{FAE04EC0-301F-11D3-BF4B-00C04F79EFBC}") = "0.07_Objects", "0.07_Objects\0.07_Objects.csproj", "{FEDC5559-4CB9-4C28-9818-10BD910D0D92}"
EndProject
Project("{FAE04EC0-301F-11D3-BF4B-00C04F79EFBC}") = "0.04_ConditionalsPractice", "0.04_ConditionalsPractice\0.04_ConditionalsPractice.csproj", "{DBEA0A87-74C7-4D26-80AE-861024CD11F3}"
EndProject
Project("{FAE04EC0-301F-11D3-BF4B-00C04F79EFBC}") = "0.07_ObjectsChallenges", "0.07_ObjectsChallenges\0.07_ObjectsChallenges.csproj", "{BF79B0C1-80F0-45FD-8835-F10DC5BF1A3D}"
EndProject
Project("{FAE04EC0-301F-11D3-BF4B-00C04F79EFBC}") = "0.08_Arrays", "0.08_Arrays\0.08_Arrays.csproj", "{050D6CDB-2C03-41C7-993D-BCD73B5DEEC5}"
EndProject
Project("{FAE04EC0-301F-11D3-BF4B-00C04F79EFBC}") = "0.09_CollectionsDictionaries", "0.09_CollectionsDictionaries\0.09_CollectionsDictionaries.csproj", "{2D8AC510-C01C-4328-A091-9D7DF1754CB0}"
EndProject
Project("{FAE04EC0-301F-11D3-BF4B-00C04F79EFBC}") = "0.10_Constructors", "0.10_Constructors\0.10_Constructors.csproj", "{1244460E-0CCA-4391-B4E5-EF63B31B6D0F}"
EndProject
Project("{FAE04EC0-301F-11D3-BF4B-00C04F79EFBC}") = "0.10_MobileDevices", "0.10_MobileDevices\0.10_MobileDevices.csproj", "{FA299BB5-941B-498A-885F-263A4123323B}"
EndProject
Project("{FAE04EC0-301F-11D3-BF4B-00C04F79EFBC}") = "0.11_OOP_Game", "0.11_OOP_Game\0.11_OOP_Game.csproj", "{DA308CDD-DD44-4088-8314-330A7FBA1D13}"
EndProject
Project("{FAE04EC0-301F-11D3-BF4B-00C04F79EFBC}") = "0.12_Game", "0.12_Game\0.12_Game.csproj", "{064A546D-2168-4D6E-BC76-A8D0F70E816D}"
EndProject
Project("{FAE04EC0-301F-11D3-BF4B-00C04F79EFBC}") = "0.13_MethodsOverloading", "0.13_MethodsOverloading\0.13_MethodsOverloading.csproj", "{A333C51D-A758-4C47-81B2-D7065F5DDF76}"
EndProject
Project("{FAE04EC0-301F-11D3-BF4B-00C04F79EFBC}") = "0.14_GettersSetters", "0.14_GettersSetters\0.14_GettersSetters.csproj", "{941BA8F6-369D-43A7-9BE9-B8A661B832F0}"
EndProject
Project("{FAE04EC0-301F-11D3-BF4B-00C04F79EFBC}") = "0.15_Override", "0.15_Override\0.15_Override.csproj", "{304E288B-D920-4C3D-8127-EE99CAF0EF30}"
EndProject
Project("{FAE04EC0-301F-11D3-BF4B-00C04F79EFBC}") = "0.16_Linq", "0.16_Linq\0.16_Linq.csproj", "{FA9EC49A-696F-46CD-AEB7-7409FEC18FAA}"
EndProject
Project("{FAE04EC0-301F-11D3-BF4B-00C04F79EFBC}") = "0.17_QuizOne", "0.17_QuizOne\0.17_QuizOne.csproj", "{621EE242-DB35-4796-8031-AB403421D20E}"
EndProject
Project("{FAE04EC0-301F-11D3-BF4B-00C04F79EFBC}") = "0.18_Interfaces", "0.18_Interfaces\0.18_Interfaces.csproj", "{862F9342-14C3-4145-B7BB-87CFF509E0C8}"
EndProject
Project("{FAE04EC0-301F-11D3-BF4B-00C04F79EFBC}") = "0.19_FizzBuzz", "0.19_FizzBuzz\0.19_FizzBuzz.csproj", "{50F1298F-915D-46DF-B252-14691DF2E12A}"
EndProject
Global
	GlobalSection(SolutionConfigurationPlatforms) = preSolution
		Debug|Any CPU = Debug|Any CPU
		Release|Any CPU = Release|Any CPU
	EndGlobalSection
	GlobalSection(ProjectConfigurationPlatforms) = postSolution
		{3C401B7D-B732-4014-9E95-A543703EB749}.Debug|Any CPU.ActiveCfg = Debug|Any CPU
		{3C401B7D-B732-4014-9E95-A543703EB749}.Debug|Any CPU.Build.0 = Debug|Any CPU
		{3C401B7D-B732-4014-9E95-A543703EB749}.Release|Any CPU.ActiveCfg = Release|Any CPU
		{3C401B7D-B732-4014-9E95-A543703EB749}.Release|Any CPU.Build.0 = Release|Any CPU
		{EE2A3A3F-CDBD-4F92-9783-4B6B82440BE8}.Debug|Any CPU.ActiveCfg = Debug|Any CPU
		{EE2A3A3F-CDBD-4F92-9783-4B6B82440BE8}.Debug|Any CPU.Build.0 = Debug|Any CPU
		{EE2A3A3F-CDBD-4F92-9783-4B6B82440BE8}.Release|Any CPU.ActiveCfg = Release|Any CPU
		{EE2A3A3F-CDBD-4F92-9783-4B6B82440BE8}.Release|Any CPU.Build.0 = Release|Any CPU
		{6DC5C890-9952-4543-9271-3E99018360BA}.Debug|Any CPU.ActiveCfg = Debug|Any CPU
		{6DC5C890-9952-4543-9271-3E99018360BA}.Debug|Any CPU.Build.0 = Debug|Any CPU
		{6DC5C890-9952-4543-9271-3E99018360BA}.Release|Any CPU.ActiveCfg = Release|Any CPU
		{6DC5C890-9952-4543-9271-3E99018360BA}.Release|Any CPU.Build.0 = Release|Any CPU
		{605EDDAE-D793-44D7-AFF7-FA699F8701E8}.Debug|Any CPU.ActiveCfg = Debug|Any CPU
		{605EDDAE-D793-44D7-AFF7-FA699F8701E8}.Debug|Any CPU.Build.0 = Debug|Any CPU
		{605EDDAE-D793-44D7-AFF7-FA699F8701E8}.Release|Any CPU.ActiveCfg = Release|Any CPU
		{605EDDAE-D793-44D7-AFF7-FA699F8701E8}.Release|Any CPU.Build.0 = Release|Any CPU
		{ECC4E94C-04F4-4D2B-A696-004DBF98DD1C}.Debug|Any CPU.ActiveCfg = Debug|Any CPU
		{ECC4E94C-04F4-4D2B-A696-004DBF98DD1C}.Debug|Any CPU.Build.0 = Debug|Any CPU
		{ECC4E94C-04F4-4D2B-A696-004DBF98DD1C}.Release|Any CPU.ActiveCfg = Release|Any CPU
		{ECC4E94C-04F4-4D2B-A696-004DBF98DD1C}.Release|Any CPU.Build.0 = Release|Any CPU
		{9610E02F-1D20-4F23-871E-3561C4C7B5C7}.Debug|Any CPU.ActiveCfg = Debug|Any CPU
		{9610E02F-1D20-4F23-871E-3561C4C7B5C7}.Debug|Any CPU.Build.0 = Debug|Any CPU
		{9610E02F-1D20-4F23-871E-3561C4C7B5C7}.Release|Any CPU.ActiveCfg = Release|Any CPU
		{9610E02F-1D20-4F23-871E-3561C4C7B5C7}.Release|Any CPU.Build.0 = Release|Any CPU
		{F993A5A8-E082-4B6C-8C7D-F79C9EEF8EB0}.Debug|Any CPU.ActiveCfg = Debug|Any CPU
		{F993A5A8-E082-4B6C-8C7D-F79C9EEF8EB0}.Debug|Any CPU.Build.0 = Debug|Any CPU
		{F993A5A8-E082-4B6C-8C7D-F79C9EEF8EB0}.Release|Any CPU.ActiveCfg = Release|Any CPU
		{F993A5A8-E082-4B6C-8C7D-F79C9EEF8EB0}.Release|Any CPU.Build.0 = Release|Any CPU
		{C511DF48-C4BC-44ED-ABD3-F4EA7E5F4678}.Debug|Any CPU.ActiveCfg = Debug|Any CPU
		{C511DF48-C4BC-44ED-ABD3-F4EA7E5F4678}.Debug|Any CPU.Build.0 = Debug|Any CPU
		{C511DF48-C4BC-44ED-ABD3-F4EA7E5F4678}.Release|Any CPU.ActiveCfg = Release|Any CPU
		{C511DF48-C4BC-44ED-ABD3-F4EA7E5F4678}.Release|Any CPU.Build.0 = Release|Any CPU
		{2172D1BB-9A4F-4C67-AF8C-FEF482F1C074}.Debug|Any CPU.ActiveCfg = Debug|Any CPU
		{2172D1BB-9A4F-4C67-AF8C-FEF482F1C074}.Debug|Any CPU.Build.0 = Debug|Any CPU
		{2172D1BB-9A4F-4C67-AF8C-FEF482F1C074}.Release|Any CPU.ActiveCfg = Release|Any CPU
		{2172D1BB-9A4F-4C67-AF8C-FEF482F1C074}.Release|Any CPU.Build.0 = Release|Any CPU
		{FEDC5559-4CB9-4C28-9818-10BD910D0D92}.Debug|Any CPU.ActiveCfg = Debug|Any CPU
		{FEDC5559-4CB9-4C28-9818-10BD910D0D92}.Debug|Any CPU.Build.0 = Debug|Any CPU
		{FEDC5559-4CB9-4C28-9818-10BD910D0D92}.Release|Any CPU.ActiveCfg = Release|Any CPU
		{FEDC5559-4CB9-4C28-9818-10BD910D0D92}.Release|Any CPU.Build.0 = Release|Any CPU
		{DBEA0A87-74C7-4D26-80AE-861024CD11F3}.Debug|Any CPU.ActiveCfg = Debug|Any CPU
		{DBEA0A87-74C7-4D26-80AE-861024CD11F3}.Debug|Any CPU.Build.0 = Debug|Any CPU
		{DBEA0A87-74C7-4D26-80AE-861024CD11F3}.Release|Any CPU.ActiveCfg = Release|Any CPU
		{DBEA0A87-74C7-4D26-80AE-861024CD11F3}.Release|Any CPU.Build.0 = Release|Any CPU
		{BF79B0C1-80F0-45FD-8835-F10DC5BF1A3D}.Debug|Any CPU.ActiveCfg = Debug|Any CPU
		{BF79B0C1-80F0-45FD-8835-F10DC5BF1A3D}.Debug|Any CPU.Build.0 = Debug|Any CPU
		{BF79B0C1-80F0-45FD-8835-F10DC5BF1A3D}.Release|Any CPU.ActiveCfg = Release|Any CPU
		{BF79B0C1-80F0-45FD-8835-F10DC5BF1A3D}.Release|Any CPU.Build.0 = Release|Any CPU
		{050D6CDB-2C03-41C7-993D-BCD73B5DEEC5}.Debug|Any CPU.ActiveCfg = Debug|Any CPU
		{050D6CDB-2C03-41C7-993D-BCD73B5DEEC5}.Debug|Any CPU.Build.0 = Debug|Any CPU
		{050D6CDB-2C03-41C7-993D-BCD73B5DEEC5}.Release|Any CPU.ActiveCfg = Release|Any CPU
		{050D6CDB-2C03-41C7-993D-BCD73B5DEEC5}.Release|Any CPU.Build.0 = Release|Any CPU
		{2D8AC510-C01C-4328-A091-9D7DF1754CB0}.Debug|Any CPU.ActiveCfg = Debug|Any CPU
		{2D8AC510-C01C-4328-A091-9D7DF1754CB0}.Debug|Any CPU.Build.0 = Debug|Any CPU
		{2D8AC510-C01C-4328-A091-9D7DF1754CB0}.Release|Any CPU.ActiveCfg = Release|Any CPU
		{2D8AC510-C01C-4328-A091-9D7DF1754CB0}.Release|Any CPU.Build.0 = Release|Any CPU
		{1244460E-0CCA-4391-B4E5-EF63B31B6D0F}.Debug|Any CPU.ActiveCfg = Debug|Any CPU
		{1244460E-0CCA-4391-B4E5-EF63B31B6D0F}.Debug|Any CPU.Build.0 = Debug|Any CPU
		{1244460E-0CCA-4391-B4E5-EF63B31B6D0F}.Release|Any CPU.ActiveCfg = Release|Any CPU
		{1244460E-0CCA-4391-B4E5-EF63B31B6D0F}.Release|Any CPU.Build.0 = Release|Any CPU
		{FA299BB5-941B-498A-885F-263A4123323B}.Debug|Any CPU.ActiveCfg = Debug|Any CPU
		{FA299BB5-941B-498A-885F-263A4123323B}.Debug|Any CPU.Build.0 = Debug|Any CPU
		{FA299BB5-941B-498A-885F-263A4123323B}.Release|Any CPU.ActiveCfg = Release|Any CPU
		{FA299BB5-941B-498A-885F-263A4123323B}.Release|Any CPU.Build.0 = Release|Any CPU
		{DA308CDD-DD44-4088-8314-330A7FBA1D13}.Debug|Any CPU.ActiveCfg = Debug|Any CPU
		{DA308CDD-DD44-4088-8314-330A7FBA1D13}.Debug|Any CPU.Build.0 = Debug|Any CPU
		{DA308CDD-DD44-4088-8314-330A7FBA1D13}.Release|Any CPU.ActiveCfg = Release|Any CPU
		{DA308CDD-DD44-4088-8314-330A7FBA1D13}.Release|Any CPU.Build.0 = Release|Any CPU
		{064A546D-2168-4D6E-BC76-A8D0F70E816D}.Debug|Any CPU.ActiveCfg = Debug|Any CPU
		{064A546D-2168-4D6E-BC76-A8D0F70E816D}.Debug|Any CPU.Build.0 = Debug|Any CPU
		{064A546D-2168-4D6E-BC76-A8D0F70E816D}.Release|Any CPU.ActiveCfg = Release|Any CPU
		{064A546D-2168-4D6E-BC76-A8D0F70E816D}.Release|Any CPU.Build.0 = Release|Any CPU
		{A333C51D-A758-4C47-81B2-D7065F5DDF76}.Debug|Any CPU.ActiveCfg = Debug|Any CPU
		{A333C51D-A758-4C47-81B2-D7065F5DDF76}.Debug|Any CPU.Build.0 = Debug|Any CPU
		{A333C51D-A758-4C47-81B2-D7065F5DDF76}.Release|Any CPU.ActiveCfg = Release|Any CPU
		{A333C51D-A758-4C47-81B2-D7065F5DDF76}.Release|Any CPU.Build.0 = Release|Any CPU
		{941BA8F6-369D-43A7-9BE9-B8A661B832F0}.Debug|Any CPU.ActiveCfg = Debug|Any CPU
		{941BA8F6-369D-43A7-9BE9-B8A661B832F0}.Debug|Any CPU.Build.0 = Debug|Any CPU
		{941BA8F6-369D-43A7-9BE9-B8A661B832F0}.Release|Any CPU.ActiveCfg = Release|Any CPU
		{941BA8F6-369D-43A7-9BE9-B8A661B832F0}.Release|Any CPU.Build.0 = Release|Any CPU
		{304E288B-D920-4C3D-8127-EE99CAF0EF30}.Debug|Any CPU.ActiveCfg = Debug|Any CPU
		{304E288B-D920-4C3D-8127-EE99CAF0EF30}.Debug|Any CPU.Build.0 = Debug|Any CPU
		{304E288B-D920-4C3D-8127-EE99CAF0EF30}.Release|Any CPU.ActiveCfg = Release|Any CPU
		{304E288B-D920-4C3D-8127-EE99CAF0EF30}.Release|Any CPU.Build.0 = Release|Any CPU
		{FA9EC49A-696F-46CD-AEB7-7409FEC18FAA}.Debug|Any CPU.ActiveCfg = Debug|Any CPU
		{FA9EC49A-696F-46CD-AEB7-7409FEC18FAA}.Debug|Any CPU.Build.0 = Debug|Any CPU
		{FA9EC49A-696F-46CD-AEB7-7409FEC18FAA}.Release|Any CPU.ActiveCfg = Release|Any CPU
		{FA9EC49A-696F-46CD-AEB7-7409FEC18FAA}.Release|Any CPU.Build.0 = Release|Any CPU
		{621EE242-DB35-4796-8031-AB403421D20E}.Debug|Any CPU.ActiveCfg = Debug|Any CPU
		{621EE242-DB35-4796-8031-AB403421D20E}.Debug|Any CPU.Build.0 = Debug|Any CPU
		{621EE242-DB35-4796-8031-AB403421D20E}.Release|Any CPU.ActiveCfg = Release|Any CPU
		{621EE242-DB35-4796-8031-AB403421D20E}.Release|Any CPU.Build.0 = Release|Any CPU
		{862F9342-14C3-4145-B7BB-87CFF509E0C8}.Debug|Any CPU.ActiveCfg = Debug|Any CPU
		{862F9342-14C3-4145-B7BB-87CFF509E0C8}.Debug|Any CPU.Build.0 = Debug|Any CPU
		{862F9342-14C3-4145-B7BB-87CFF509E0C8}.Release|Any CPU.ActiveCfg = Release|Any CPU
		{862F9342-14C3-4145-B7BB-87CFF509E0C8}.Release|Any CPU.Build.0 = Release|Any CPU
		{50F1298F-915D-46DF-B252-14691DF2E12A}.Debug|Any CPU.ActiveCfg = Debug|Any CPU
		{50F1298F-915D-46DF-B252-14691DF2E12A}.Debug|Any CPU.Build.0 = Debug|Any CPU
		{50F1298F-915D-46DF-B252-14691DF2E12A}.Release|Any CPU.ActiveCfg = Release|Any CPU
		{50F1298F-915D-46DF-B252-14691DF2E12A}.Release|Any CPU.Build.0 = Release|Any CPU
	EndGlobalSection
	GlobalSection(SolutionProperties) = preSolution
		HideSolutionNode = FALSE
	EndGlobalSection
EndGlobal
